// !$*UTF8*$!
{
	archiveVersion = 1;
	classes = {
	};
	objectVersion = 52;
	objects = {

/* Begin PBXBuildFile section */
		670B4741238B326000023468 /* stay puft - 512.jpg in Resources */ = {isa = PBXBuildFile; fileRef = 670B4740238B326000023468 /* stay puft - 512.jpg */; };
		670B4743238B331F00023468 /* stay puft - 256.jpeg in Resources */ = {isa = PBXBuildFile; fileRef = 670B4742238B331E00023468 /* stay puft - 256.jpeg */; };
		67258319238B2FD400E1F04C /* broken image.png in Resources */ = {isa = PBXBuildFile; fileRef = 67258318238B2FD400E1F04C /* broken image.png */; };
		67A05B82238B343900A853C9 /* stay puft - 128.jpeg in Resources */ = {isa = PBXBuildFile; fileRef = 67A05B80238B343900A853C9 /* stay puft - 128.jpeg */; };
		67A05B83238B343900A853C9 /* stay puft - 64.jpeg in Resources */ = {isa = PBXBuildFile; fileRef = 67A05B81238B343900A853C9 /* stay puft - 64.jpeg */; };
		67A7809B238C480F0061F35F /* Screen Shot 2.png in Resources */ = {isa = PBXBuildFile; fileRef = 67A7809A238C480F0061F35F /* Screen Shot 2.png */; };
		67B0BBA72386DF69007009E9 /* Metadata_Server.swift in Sources */ = {isa = PBXBuildFile; fileRef = 67B0BBA62386DF69007009E9 /* Metadata_Server.swift */; };
		67B0BBA92386DFCD007009E9 /* ImageMetadata_M.swift in Sources */ = {isa = PBXBuildFile; fileRef = 67B0BBA82386DFCD007009E9 /* ImageMetadata_M.swift */; };
		67B0BBAC2387210A007009E9 /* Image_Server.swift in Sources */ = {isa = PBXBuildFile; fileRef = 67B0BBAB2387210A007009E9 /* Image_Server.swift */; };
		67D1524E23886E7F000174EF /* DataTable_VC_QuickLook.swift in Sources */ = {isa = PBXBuildFile; fileRef = 67D1524D23886E7F000174EF /* DataTable_VC_QuickLook.swift */; };
		67D1525023887031000174EF /* READ_ME.rtf in Resources */ = {isa = PBXBuildFile; fileRef = 67D1524F23887031000174EF /* READ_ME.rtf */; };
		67DC7BAF2388F6BD00C234E9 /* DataTable_VC.swift in Sources */ = {isa = PBXBuildFile; fileRef = 67DC7BAE2388F6BD00C234E9 /* DataTable_VC.swift */; };
		67F74808238B3542000BF058 /* Screen Shot.png in Resources */ = {isa = PBXBuildFile; fileRef = 67F74807238B3542000BF058 /* Screen Shot.png */; };
		94E98A551BA381AA00FEC16F /* AppDelegate.swift in Sources */ = {isa = PBXBuildFile; fileRef = 94E98A541BA381AA00FEC16F /* AppDelegate.swift */; };
		94E98A591BA381AB00FEC16F /* Assets.xcassets in Resources */ = {isa = PBXBuildFile; fileRef = 94E98A581BA381AB00FEC16F /* Assets.xcassets */; };
		94E98A5C1BA381AB00FEC16F /* Main.storyboard in Resources */ = {isa = PBXBuildFile; fileRef = 94E98A5A1BA381AB00FEC16F /* Main.storyboard */; };
		94E98A661BA3855300FEC16F /* WindowController.swift in Sources */ = {isa = PBXBuildFile; fileRef = 94E98A651BA3855300FEC16F /* WindowController.swift */; };
/* End PBXBuildFile section */

/* Begin PBXFileReference section */
		670B4740238B326000023468 /* stay puft - 512.jpg */ = {isa = PBXFileReference; lastKnownFileType = image.jpeg; path = "stay puft - 512.jpg"; sourceTree = "<group>"; };
		670B4742238B331E00023468 /* stay puft - 256.jpeg */ = {isa = PBXFileReference; lastKnownFileType = image.jpeg; path = "stay puft - 256.jpeg"; sourceTree = "<group>"; };
		67258318238B2FD400E1F04C /* broken image.png */ = {isa = PBXFileReference; lastKnownFileType = image.png; path = "broken image.png"; sourceTree = "<group>"; };
		67A05B80238B343900A853C9 /* stay puft - 128.jpeg */ = {isa = PBXFileReference; lastKnownFileType = image.jpeg; path = "stay puft - 128.jpeg"; sourceTree = "<group>"; };
		67A05B81238B343900A853C9 /* stay puft - 64.jpeg */ = {isa = PBXFileReference; lastKnownFileType = image.jpeg; path = "stay puft - 64.jpeg"; sourceTree = "<group>"; };
		67A7809A238C480F0061F35F /* Screen Shot 2.png */ = {isa = PBXFileReference; lastKnownFileType = image.png; path = "Screen Shot 2.png"; sourceTree = "<group>"; };
		67B0BBA62386DF69007009E9 /* Metadata_Server.swift */ = {isa = PBXFileReference; indentWidth = 4; lastKnownFileType = sourcecode.swift; path = Metadata_Server.swift; sourceTree = "<group>"; tabWidth = 4; };
		67B0BBA82386DFCD007009E9 /* ImageMetadata_M.swift */ = {isa = PBXFileReference; indentWidth = 4; lastKnownFileType = sourcecode.swift; path = ImageMetadata_M.swift; sourceTree = "<group>"; tabWidth = 4; };
		67B0BBAB2387210A007009E9 /* Image_Server.swift */ = {isa = PBXFileReference; indentWidth = 4; lastKnownFileType = sourcecode.swift; path = Image_Server.swift; sourceTree = "<group>"; tabWidth = 4; };
		67D1524D23886E7F000174EF /* DataTable_VC_QuickLook.swift */ = {isa = PBXFileReference; indentWidth = 4; lastKnownFileType = sourcecode.swift; path = DataTable_VC_QuickLook.swift; sourceTree = "<group>"; tabWidth = 4; };
		67D1524F23887031000174EF /* READ_ME.rtf */ = {isa = PBXFileReference; lastKnownFileType = text.rtf; path = READ_ME.rtf; sourceTree = "<group>"; };
		67DC7BAE2388F6BD00C234E9 /* DataTable_VC.swift */ = {isa = PBXFileReference; fileEncoding = 4; indentWidth = 4; lastKnownFileType = sourcecode.swift; path = DataTable_VC.swift; sourceTree = "<group>"; tabWidth = 4; };
		67F74807238B3542000BF058 /* Screen Shot.png */ = {isa = PBXFileReference; lastKnownFileType = image.png; path = "Screen Shot.png"; sourceTree = "<group>"; };
		94E98A511BA381AA00FEC16F /* Lorem Picsum browser.app */ = {isa = PBXFileReference; explicitFileType = wrapper.application; includeInIndex = 0; path = "Lorem Picsum browser.app"; sourceTree = BUILT_PRODUCTS_DIR; };
		94E98A541BA381AA00FEC16F /* AppDelegate.swift */ = {isa = PBXFileReference; indentWidth = 4; lastKnownFileType = sourcecode.swift; path = AppDelegate.swift; sourceTree = "<group>"; tabWidth = 4; };
		94E98A581BA381AB00FEC16F /* Assets.xcassets */ = {isa = PBXFileReference; lastKnownFileType = folder.assetcatalog; path = Assets.xcassets; sourceTree = "<group>"; };
		94E98A5B1BA381AB00FEC16F /* Base */ = {isa = PBXFileReference; lastKnownFileType = file.storyboard; name = Base; path = Base.lproj/Main.storyboard; sourceTree = "<group>"; };
		94E98A5D1BA381AB00FEC16F /* Info.plist */ = {isa = PBXFileReference; lastKnownFileType = text.plist.xml; path = Info.plist; sourceTree = "<group>"; };
		94E98A651BA3855300FEC16F /* WindowController.swift */ = {isa = PBXFileReference; fileEncoding = 4; indentWidth = 4; lastKnownFileType = sourcecode.swift; path = WindowController.swift; sourceTree = "<group>"; tabWidth = 4; };
/* End PBXFileReference section */

/* Begin PBXFrameworksBuildPhase section */
		94E98A4E1BA381AA00FEC16F /* Frameworks */ = {
			isa = PBXFrameworksBuildPhase;
			buildActionMask = 2147483647;
			files = (
			);
			runOnlyForDeploymentPostprocessing = 0;
		};
/* End PBXFrameworksBuildPhase section */

/* Begin PBXGroup section */
		671835AC2389D589008294C7 /* Standard */ = {
			isa = PBXGroup;
			children = (
				94E98A541BA381AA00FEC16F /* AppDelegate.swift */,
				94E98A651BA3855300FEC16F /* WindowController.swift */,
			);
			path = Standard;
			sourceTree = "<group>";
		};
		67258317238B2FC600E1F04C /* Resources */ = {
			isa = PBXGroup;
			children = (
				67258318238B2FD400E1F04C /* broken image.png */,
				67A05B81238B343900A853C9 /* stay puft - 64.jpeg */,
				67A05B80238B343900A853C9 /* stay puft - 128.jpeg */,
				670B4742238B331E00023468 /* stay puft - 256.jpeg */,
				670B4740238B326000023468 /* stay puft - 512.jpg */,
			);
			path = Resources;
			sourceTree = "<group>";
		};
		67B0BBAD23873866007009E9 /* Data */ = {
			isa = PBXGroup;
			children = (
				67B0BBA82386DFCD007009E9 /* ImageMetadata_M.swift */,
				67B0BBA62386DF69007009E9 /* Metadata_Server.swift */,
				67B0BBAB2387210A007009E9 /* Image_Server.swift */,
			);
			path = Data;
			sourceTree = "<group>";
		};
		67B0BBAE23873870007009E9 /* UI */ = {
			isa = PBXGroup;
			children = (
				94E98A5A1BA381AB00FEC16F /* Main.storyboard */,
				67DC7BAE2388F6BD00C234E9 /* DataTable_VC.swift */,
				67D1524D23886E7F000174EF /* DataTable_VC_QuickLook.swift */,
			);
			path = UI;
			sourceTree = "<group>";
		};
		94E98A481BA381AA00FEC16F = {
			isa = PBXGroup;
			children = (
				67F74807238B3542000BF058 /* Screen Shot.png */,
				67A7809A238C480F0061F35F /* Screen Shot 2.png */,
				67D1524F23887031000174EF /* READ_ME.rtf */,
				94E98A531BA381AA00FEC16F /* Lorem Picsum browser */,
				94E98A521BA381AA00FEC16F /* Products */,
			);
			indentWidth = 2;
			sourceTree = "<group>";
			tabWidth = 2;
		};
		94E98A521BA381AA00FEC16F /* Products */ = {
			isa = PBXGroup;
			children = (
				94E98A511BA381AA00FEC16F /* Lorem Picsum browser.app */,
			);
			name = Products;
			sourceTree = "<group>";
		};
		94E98A531BA381AA00FEC16F /* Lorem Picsum browser */ = {
			isa = PBXGroup;
			children = (
				67258317238B2FC600E1F04C /* Resources */,
				67B0BBAD23873866007009E9 /* Data */,
				67B0BBAE23873870007009E9 /* UI */,
				671835AC2389D589008294C7 /* Standard */,
				94E98A581BA381AB00FEC16F /* Assets.xcassets */,
				94E98A5D1BA381AB00FEC16F /* Info.plist */,
			);
			path = "Lorem Picsum browser";
			sourceTree = "<group>";
		};
/* End PBXGroup section */

/* Begin PBXNativeTarget section */
		94E98A501BA381AA00FEC16F /* Lorem Picsum browser */ = {
			isa = PBXNativeTarget;
			buildConfigurationList = 94E98A601BA381AB00FEC16F /* Build configuration list for PBXNativeTarget "Lorem Picsum browser" */;
			buildPhases = (
				94E98A4D1BA381AA00FEC16F /* Sources */,
				94E98A4E1BA381AA00FEC16F /* Frameworks */,
				94E98A4F1BA381AA00FEC16F /* Resources */,
			);
			buildRules = (
			);
			dependencies = (
			);
			name = "Lorem Picsum browser";
			productName = FileViewer;
			productReference = 94E98A511BA381AA00FEC16F /* Lorem Picsum browser.app */;
			productType = "com.apple.product-type.application";
		};
/* End PBXNativeTarget section */

/* Begin PBXProject section */
		94E98A491BA381AA00FEC16F /* Project object */ = {
			isa = PBXProject;
			attributes = {
				LastUpgradeCheck = 1230;
				ORGANIZATIONNAME = "Rich Life LLC";
				TargetAttributes = {
					94E98A501BA381AA00FEC16F = {
						CreatedOnToolsVersion = 7.0;
						LastSwiftMigration = 0800;
					};
				};
			};
			buildConfigurationList = 94E98A4C1BA381AA00FEC16F /* Build configuration list for PBXProject "Lorem Picsum browser" */;
			compatibilityVersion = "Xcode 11.0";
			developmentRegion = en;
			hasScannedForEncodings = 0;
			knownRegions = (
				en,
				Base,
			);
			mainGroup = 94E98A481BA381AA00FEC16F;
			productRefGroup = 94E98A521BA381AA00FEC16F /* Products */;
			projectDirPath = "";
			projectRoot = "";
			targets = (
				94E98A501BA381AA00FEC16F /* Lorem Picsum browser */,
			);
		};
/* End PBXProject section */

/* Begin PBXResourcesBuildPhase section */
		94E98A4F1BA381AA00FEC16F /* Resources */ = {
			isa = PBXResourcesBuildPhase;
			buildActionMask = 2147483647;
			files = (
				67A05B82238B343900A853C9 /* stay puft - 128.jpeg in Resources */,
				67A05B83238B343900A853C9 /* stay puft - 64.jpeg in Resources */,
				67F74808238B3542000BF058 /* Screen Shot.png in Resources */,
				67258319238B2FD400E1F04C /* broken image.png in Resources */,
				670B4743238B331F00023468 /* stay puft - 256.jpeg in Resources */,
				67A7809B238C480F0061F35F /* Screen Shot 2.png in Resources */,
				94E98A591BA381AB00FEC16F /* Assets.xcassets in Resources */,
				94E98A5C1BA381AB00FEC16F /* Main.storyboard in Resources */,
				670B4741238B326000023468 /* stay puft - 512.jpg in Resources */,
				67D1525023887031000174EF /* READ_ME.rtf in Resources */,
			);
			runOnlyForDeploymentPostprocessing = 0;
		};
/* End PBXResourcesBuildPhase section */

/* Begin PBXSourcesBuildPhase section */
		94E98A4D1BA381AA00FEC16F /* Sources */ = {
			isa = PBXSourcesBuildPhase;
			buildActionMask = 2147483647;
			files = (
				67B0BBA72386DF69007009E9 /* Metadata_Server.swift in Sources */,
				94E98A661BA3855300FEC16F /* WindowController.swift in Sources */,
				67B0BBA92386DFCD007009E9 /* ImageMetadata_M.swift in Sources */,
				67D1524E23886E7F000174EF /* DataTable_VC_QuickLook.swift in Sources */,
				94E98A551BA381AA00FEC16F /* AppDelegate.swift in Sources */,
				67DC7BAF2388F6BD00C234E9 /* DataTable_VC.swift in Sources */,
				67B0BBAC2387210A007009E9 /* Image_Server.swift in Sources */,
			);
			runOnlyForDeploymentPostprocessing = 0;
		};
/* End PBXSourcesBuildPhase section */

/* Begin PBXVariantGroup section */
		94E98A5A1BA381AB00FEC16F /* Main.storyboard */ = {
			isa = PBXVariantGroup;
			children = (
				94E98A5B1BA381AB00FEC16F /* Base */,
			);
			name = Main.storyboard;
			sourceTree = "<group>";
		};
/* End PBXVariantGroup section */

/* Begin XCBuildConfiguration section */
		94E98A5E1BA381AB00FEC16F /* Debug */ = {
			isa = XCBuildConfiguration;
			buildSettings = {
				ALWAYS_SEARCH_USER_PATHS = NO;
				CLANG_ANALYZER_LOCALIZABILITY_NONLOCALIZED = YES;
				CLANG_CXX_LANGUAGE_STANDARD = "gnu++0x";
				CLANG_CXX_LIBRARY = "libc++";
				CLANG_ENABLE_MODULES = YES;
				CLANG_ENABLE_OBJC_ARC = YES;
				CLANG_WARN_BLOCK_CAPTURE_AUTORELEASING = YES;
				CLANG_WARN_BOOL_CONVERSION = YES;
				CLANG_WARN_COMMA = YES;
				CLANG_WARN_CONSTANT_CONVERSION = YES;
				CLANG_WARN_DEPRECATED_OBJC_IMPLEMENTATIONS = YES;
				CLANG_WARN_DIRECT_OBJC_ISA_USAGE = YES_ERROR;
				CLANG_WARN_EMPTY_BODY = YES;
				CLANG_WARN_ENUM_CONVERSION = YES;
				CLANG_WARN_INFINITE_RECURSION = YES;
				CLANG_WARN_INT_CONVERSION = YES;
				CLANG_WARN_NON_LITERAL_NULL_CONVERSION = YES;
				CLANG_WARN_OBJC_IMPLICIT_RETAIN_SELF = YES;
				CLANG_WARN_OBJC_LITERAL_CONVERSION = YES;
				CLANG_WARN_OBJC_ROOT_CLASS = YES_ERROR;
				CLANG_WARN_QUOTED_INCLUDE_IN_FRAMEWORK_HEADER = YES;
				CLANG_WARN_RANGE_LOOP_ANALYSIS = YES;
				CLANG_WARN_STRICT_PROTOTYPES = YES;
				CLANG_WARN_SUSPICIOUS_MOVE = YES;
				CLANG_WARN_UNREACHABLE_CODE = YES;
				CLANG_WARN__DUPLICATE_METHOD_MATCH = YES;
				CODE_SIGN_IDENTITY = "-";
				COPY_PHASE_STRIP = NO;
				DEBUG_INFORMATION_FORMAT = dwarf;
				ENABLE_STRICT_OBJC_MSGSEND = YES;
				ENABLE_TESTABILITY = YES;
				GCC_C_LANGUAGE_STANDARD = gnu99;
				GCC_DYNAMIC_NO_PIC = NO;
				GCC_NO_COMMON_BLOCKS = YES;
				GCC_OPTIMIZATION_LEVEL = 0;
				GCC_PREPROCESSOR_DEFINITIONS = (
					"DEBUG=1",
					"$(inherited)",
				);
				GCC_WARN_64_TO_32_BIT_CONVERSION = YES;
				GCC_WARN_ABOUT_RETURN_TYPE = YES_ERROR;
				GCC_WARN_UNDECLARED_SELECTOR = YES;
				GCC_WARN_UNINITIALIZED_AUTOS = YES_AGGRESSIVE;
				GCC_WARN_UNUSED_FUNCTION = YES;
				GCC_WARN_UNUSED_VARIABLE = YES;
				MACOSX_DEPLOYMENT_TARGET = 10.15;
				MTL_ENABLE_DEBUG_INFO = YES;
				ONLY_ACTIVE_ARCH = YES;
				SDKROOT = macosx;
				SWIFT_OPTIMIZATION_LEVEL = "-Onone";
				SWIFT_VERSION = 5.0;
			};
			name = Debug;
		};
		94E98A5F1BA381AB00FEC16F /* Release */ = {
			isa = XCBuildConfiguration;
			buildSettings = {
				ALWAYS_SEARCH_USER_PATHS = NO;
				CLANG_ANALYZER_LOCALIZABILITY_NONLOCALIZED = YES;
				CLANG_CXX_LANGUAGE_STANDARD = "gnu++0x";
				CLANG_CXX_LIBRARY = "libc++";
				CLANG_ENABLE_MODULES = YES;
				CLANG_ENABLE_OBJC_ARC = YES;
				CLANG_WARN_BLOCK_CAPTURE_AUTORELEASING = YES;
				CLANG_WARN_BOOL_CONVERSION = YES;
				CLANG_WARN_COMMA = YES;
				CLANG_WARN_CONSTANT_CONVERSION = YES;
				CLANG_WARN_DEPRECATED_OBJC_IMPLEMENTATIONS = YES;
				CLANG_WARN_DIRECT_OBJC_ISA_USAGE = YES_ERROR;
				CLANG_WARN_EMPTY_BODY = YES;
				CLANG_WARN_ENUM_CONVERSION = YES;
				CLANG_WARN_INFINITE_RECURSION = YES;
				CLANG_WARN_INT_CONVERSION = YES;
				CLANG_WARN_NON_LITERAL_NULL_CONVERSION = YES;
				CLANG_WARN_OBJC_IMPLICIT_RETAIN_SELF = YES;
				CLANG_WARN_OBJC_LITERAL_CONVERSION = YES;
				CLANG_WARN_OBJC_ROOT_CLASS = YES_ERROR;
				CLANG_WARN_QUOTED_INCLUDE_IN_FRAMEWORK_HEADER = YES;
				CLANG_WARN_RANGE_LOOP_ANALYSIS = YES;
				CLANG_WARN_STRICT_PROTOTYPES = YES;
				CLANG_WARN_SUSPICIOUS_MOVE = YES;
				CLANG_WARN_UNREACHABLE_CODE = YES;
				CLANG_WARN__DUPLICATE_METHOD_MATCH = YES;
				CODE_SIGN_IDENTITY = "-";
				COPY_PHASE_STRIP = NO;
				DEBUG_INFORMATION_FORMAT = "dwarf-with-dsym";
				ENABLE_NS_ASSERTIONS = NO;
				ENABLE_STRICT_OBJC_MSGSEND = YES;
				GCC_C_LANGUAGE_STANDARD = gnu99;
				GCC_NO_COMMON_BLOCKS = YES;
				GCC_WARN_64_TO_32_BIT_CONVERSION = YES;
				GCC_WARN_ABOUT_RETURN_TYPE = YES_ERROR;
				GCC_WARN_UNDECLARED_SELECTOR = YES;
				GCC_WARN_UNINITIALIZED_AUTOS = YES_AGGRESSIVE;
				GCC_WARN_UNUSED_FUNCTION = YES;
				GCC_WARN_UNUSED_VARIABLE = YES;
				MACOSX_DEPLOYMENT_TARGET = 10.15;
				MTL_ENABLE_DEBUG_INFO = NO;
				SDKROOT = macosx;
				SWIFT_COMPILATION_MODE = wholemodule;
				SWIFT_OPTIMIZATION_LEVEL = "-O";
				SWIFT_VERSION = 5.0;
			};
			name = Release;
		};
		94E98A611BA381AB00FEC16F /* Debug */ = {
			isa = XCBuildConfiguration;
			buildSettings = {
				ASSETCATALOG_COMPILER_APPICON_NAME = AppIcon;
				CODE_SIGN_IDENTITY = "-";
				COMBINE_HIDPI_IMAGES = YES;
				DEVELOPMENT_TEAM = H3AB9CHSJ8;
				INFOPLIST_FILE = "Lorem Picsum browser/Info.plist";
				LD_RUNPATH_SEARCH_PATHS = (
					"$(inherited)",
					"@executable_path/../Frameworks",
				);
				PRODUCT_BUNDLE_IDENTIFIER = com.RichLife.HomeExercise;
				PRODUCT_NAME = "$(TARGET_NAME)";
				SWIFT_VERSION = 5.0;
			};
			name = Debug;
		};
		94E98A621BA381AB00FEC16F /* Release */ = {
			isa = XCBuildConfiguration;
			buildSettings = {
				ASSETCATALOG_COMPILER_APPICON_NAME = AppIcon;
				CODE_SIGN_IDENTITY = "-";
				COMBINE_HIDPI_IMAGES = YES;
				DEVELOPMENT_TEAM = H3AB9CHSJ8;
				INFOPLIST_FILE = "Lorem Picsum browser/Info.plist";
				LD_RUNPATH_SEARCH_PATHS = (
					"$(inherited)",
					"@executable_path/../Frameworks",
				);
				PRODUCT_BUNDLE_IDENTIFIER = com.RichLife.HomeExercise;
				PRODUCT_NAME = "$(TARGET_NAME)";
				SWIFT_VERSION = 5.0;
			};
			name = Release;
		};
/* End XCBuildConfiguration section */

/* Begin XCConfigurationList section */
		94E98A4C1BA381AA00FEC16F /* Build configuration list for PBXProject "Lorem Picsum browser" */ = {
			isa = XCConfigurationList;
			buildConfigurations = (
				94E98A5E1BA381AB00FEC16F /* Debug */,
				94E98A5F1BA381AB00FEC16F /* Release */,
			);
			defaultConfigurationIsVisible = 0;
			defaultConfigurationName = Release;
		};
		94E98A601BA381AB00FEC16F /* Build configuration list for PBXNativeTarget "Lorem Picsum browser" */ = {
			isa = XCConfigurationList;
			buildConfigurations = (
				94E98A611BA381AB00FEC16F /* Debug */,
				94E98A621BA381AB00FEC16F /* Release */,
			);
			defaultConfigurationIsVisible = 0;
			defaultConfigurationName = Release;
		};
/* End XCConfigurationList section */
	};
	rootObject = 94E98A491BA381AA00FEC16F /* Project object */;
}
